
Microsoft Visual Studio Solution File, Format Version 12.00
# Visual Studio 15
VisualStudioVersion = 15.0.28307.539
MinimumVisualStudioVersion = 10.0.40219.1
Project("{FAE04EC0-301F-11D3-BF4B-00C04F79EFBC}") = "Snake-Game-CSharp", "Snake (Game)\Snake-Game-CSharp.csproj", "{0FEB50A2-E417-4870-8A64-8549F43BEF82}"
EndProject
Global
	GlobalSection(SolutionConfigurationPlatforms) = preSolution
		Debug|Any CPU = Debug|Any CPU
		Release|Any CPU = Release|Any CPU
	EndGlobalSection
	GlobalSection(ProjectConfigurationPlatforms) = postSolution
		{0FEB50A2-E417-4870-8A64-8549F43BEF82}.Debug|Any CPU.ActiveCfg = Debug|Any CPU
		{0FEB50A2-E417-4870-8A64-8549F43BEF82}.Debug|Any CPU.Build.0 = Debug|Any CPU
		{0FEB50A2-E417-4870-8A64-8549F43BEF82}.Release|Any CPU.ActiveCfg = Release|Any CPU
		{0FEB50A2-E417-4870-8A64-8549F43BEF82}.Release|Any CPU.Build.0 = Release|Any CPU
	EndGlobalSection
	GlobalSection(SolutionProperties) = preSolution
		HideSolutionNode = FALSE
	EndGlobalSection
	GlobalSection(ExtensibilityGlobals) = postSolution
		SolutionGuid = {86339059-4040-4086-84C2-13561208749B}
	EndGlobalSection
EndGlobal
